
Microsoft Visual Studio Solution File, Format Version 12.00
# Visual Studio Version 16
VisualStudioVersion = 16.0.29020.237
MinimumVisualStudioVersion = 10.0.40219.1
Project("{9A19103F-16F7-4668-BE54-9A1E7A4F7556}") = "FastFood.Dominio", "FastFood.Dominio\FastFood.Dominio.csproj", "{2D95C78D-7AB1-419D-9813-BCA34851242F}"
EndProject
Project("{9A19103F-16F7-4668-BE54-9A1E7A4F7556}") = "FastFood.Repositorio", "FastFood.Repositorio\FastFood.Repositorio.csproj", "{B6565F66-FAC2-47B0-8925-57573374A64B}"
EndProject
Project("{FAE04EC0-301F-11D3-BF4B-00C04F79EFBC}") = "FastFood.Web", "FastFood.Web\FastFood.Web.csproj", "{ED185B45-8124-4016-8B2F-5585717F2D39}"
EndProject
Global
	GlobalSection(SolutionConfigurationPlatforms) = preSolution
		Debug|Any CPU = Debug|Any CPU
		Release|Any CPU = Release|Any CPU
	EndGlobalSection
	GlobalSection(ProjectConfigurationPlatforms) = postSolution
		{2D95C78D-7AB1-419D-9813-BCA34851242F}.Debug|Any CPU.ActiveCfg = Debug|Any CPU
		{2D95C78D-7AB1-419D-9813-BCA34851242F}.Debug|Any CPU.Build.0 = Debug|Any CPU
		{2D95C78D-7AB1-419D-9813-BCA34851242F}.Release|Any CPU.ActiveCfg = Release|Any CPU
		{2D95C78D-7AB1-419D-9813-BCA34851242F}.Release|Any CPU.Build.0 = Release|Any CPU
		{B6565F66-FAC2-47B0-8925-57573374A64B}.Debug|Any CPU.ActiveCfg = Debug|Any CPU
		{B6565F66-FAC2-47B0-8925-57573374A64B}.Debug|Any CPU.Build.0 = Debug|Any CPU
		{B6565F66-FAC2-47B0-8925-57573374A64B}.Release|Any CPU.ActiveCfg = Release|Any CPU
		{B6565F66-FAC2-47B0-8925-57573374A64B}.Release|Any CPU.Build.0 = Release|Any CPU
		{ED185B45-8124-4016-8B2F-5585717F2D39}.Debug|Any CPU.ActiveCfg = Debug|Any CPU
		{ED185B45-8124-4016-8B2F-5585717F2D39}.Debug|Any CPU.Build.0 = Debug|Any CPU
		{ED185B45-8124-4016-8B2F-5585717F2D39}.Release|Any CPU.ActiveCfg = Release|Any CPU
		{ED185B45-8124-4016-8B2F-5585717F2D39}.Release|Any CPU.Build.0 = Release|Any CPU
	EndGlobalSection
	GlobalSection(SolutionProperties) = preSolution
		HideSolutionNode = FALSE
	EndGlobalSection
	GlobalSection(ExtensibilityGlobals) = postSolution
		SolutionGuid = {3B483B37-C5B8-4D15-9142-79A1EE5570D4}
	EndGlobalSection
EndGlobal
